
Microsoft Visual Studio Solution File, Format Version 12.00
# Visual Studio Version 16
VisualStudioVersion = 16.0.32228.343
MinimumVisualStudioVersion = 10.0.40219.1
Project("{FAE04EC0-301F-11D3-BF4B-00C04F79EFBC}") = "CRMSystem", "CRMSystem\CRMSystem.csproj", "{82C2BF45-3CC0-47C9-8A4B-D2EC781B9759}"
EndProject
Global
	GlobalSection(SolutionConfigurationPlatforms) = preSolution
		Debug|Any CPU = Debug|Any CPU
		Release|Any CPU = Release|Any CPU
	EndGlobalSection
	GlobalSection(ProjectConfigurationPlatforms) = postSolution
		{82C2BF45-3CC0-47C9-8A4B-D2EC781B9759}.Debug|Any CPU.ActiveCfg = Debug|Any CPU
		{82C2BF45-3CC0-47C9-8A4B-D2EC781B9759}.Debug|Any CPU.Build.0 = Debug|Any CPU
		{82C2BF45-3CC0-47C9-8A4B-D2EC781B9759}.Release|Any CPU.ActiveCfg = Release|Any CPU
		{82C2BF45-3CC0-47C9-8A4B-D2EC781B9759}.Release|Any CPU.Build.0 = Release|Any CPU
	EndGlobalSection
	GlobalSection(SolutionProperties) = preSolution
		HideSolutionNode = FALSE
	EndGlobalSection
	GlobalSection(ExtensibilityGlobals) = postSolution
		SolutionGuid = {3AEF3F2E-EB89-4D7B-9354-1D90140B84F0}
	EndGlobalSection
EndGlobal
